
Microsoft Visual Studio Solution File, Format Version 12.00
# Visual Studio 15
VisualStudioVersion = 15.0.26730.12
MinimumVisualStudioVersion = 10.0.40219.1
Project("{FAE04EC0-301F-11D3-BF4B-00C04F79EFBC}") = "ProjetoTCC.Android", "ProjetoTCC\ProjetoTCC.Android\ProjetoTCC.Android.csproj", "{CB977E27-E826-4085-A46A-44DE92B1DF27}"
EndProject
Project("{FAE04EC0-301F-11D3-BF4B-00C04F79EFBC}") = "ProjetoTCC", "ProjetoTCC\ProjetoTCC\ProjetoTCC.csproj", "{7DA99FB2-533D-40B0-845E-27649320B36D}"
EndProject
Project("{FAE04EC0-301F-11D3-BF4B-00C04F79EFBC}") = "ProjetoTCC.UWP", "ProjetoTCC\ProjetoTCC.UWP\ProjetoTCC.UWP.csproj", "{36F4727D-1A94-4351-83D9-C4137C6AB25A}"
EndProject
Project("{FAE04EC0-301F-11D3-BF4B-00C04F79EFBC}") = "ProjetoTCC.iOS", "ProjetoTCC\ProjetoTCC.iOS\ProjetoTCC.iOS.csproj", "{4D6C5783-4DC3-4D0F-AD8A-8F164FEE124B}"
EndProject
Global
	GlobalSection(SolutionConfigurationPlatforms) = preSolution
		Ad-Hoc|Any CPU = Ad-Hoc|Any CPU
		Ad-Hoc|ARM = Ad-Hoc|ARM
		Ad-Hoc|iPhone = Ad-Hoc|iPhone
		Ad-Hoc|iPhoneSimulator = Ad-Hoc|iPhoneSimulator
		Ad-Hoc|x64 = Ad-Hoc|x64
		Ad-Hoc|x86 = Ad-Hoc|x86
		AppStore|Any CPU = AppStore|Any CPU
		AppStore|ARM = AppStore|ARM
		AppStore|iPhone = AppStore|iPhone
		AppStore|iPhoneSimulator = AppStore|iPhoneSimulator
		AppStore|x64 = AppStore|x64
		AppStore|x86 = AppStore|x86
		Debug|Any CPU = Debug|Any CPU
		Debug|ARM = Debug|ARM
		Debug|iPhone = Debug|iPhone
		Debug|iPhoneSimulator = Debug|iPhoneSimulator
		Debug|x64 = Debug|x64
		Debug|x86 = Debug|x86
		Release|Any CPU = Release|Any CPU
		Release|ARM = Release|ARM
		Release|iPhone = Release|iPhone
		Release|iPhoneSimulator = Release|iPhoneSimulator
		Release|x64 = Release|x64
		Release|x86 = Release|x86
	EndGlobalSection
	GlobalSection(ProjectConfigurationPlatforms) = postSolution
		{CB977E27-E826-4085-A46A-44DE92B1DF27}.Ad-Hoc|Any CPU.ActiveCfg = Release|Any CPU
		{CB977E27-E826-4085-A46A-44DE92B1DF27}.Ad-Hoc|Any CPU.Build.0 = Release|Any CPU
		{CB977E27-E826-4085-A46A-44DE92B1DF27}.Ad-Hoc|Any CPU.Deploy.0 = Release|Any CPU
		{CB977E27-E826-4085-A46A-44DE92B1DF27}.Ad-Hoc|ARM.ActiveCfg = Release|Any CPU
		{CB977E27-E826-4085-A46A-44DE92B1DF27}.Ad-Hoc|ARM.Build.0 = Release|Any CPU
		{CB977E27-E826-4085-A46A-44DE92B1DF27}.Ad-Hoc|ARM.Deploy.0 = Release|Any CPU
		{CB977E27-E826-4085-A46A-44DE92B1DF27}.Ad-Hoc|iPhone.ActiveCfg = Release|Any CPU
		{CB977E27-E826-4085-A46A-44DE92B1DF27}.Ad-Hoc|iPhone.Build.0 = Release|Any CPU
		{CB977E27-E826-4085-A46A-44DE92B1DF27}.Ad-Hoc|iPhone.Deploy.0 = Release|Any CPU
		{CB977E27-E826-4085-A46A-44DE92B1DF27}.Ad-Hoc|iPhoneSimulator.ActiveCfg = Release|Any CPU
		{CB977E27-E826-4085-A46A-44DE92B1DF27}.Ad-Hoc|iPhoneSimulator.Build.0 = Release|Any CPU
		{CB977E27-E826-4085-A46A-44DE92B1DF27}.Ad-Hoc|iPhoneSimulator.Deploy.0 = Release|Any CPU
		{CB977E27-E826-4085-A46A-44DE92B1DF27}.Ad-Hoc|x64.ActiveCfg = Release|Any CPU
		{CB977E27-E826-4085-A46A-44DE92B1DF27}.Ad-Hoc|x64.Build.0 = Release|Any CPU
		{CB977E27-E826-4085-A46A-44DE92B1DF27}.Ad-Hoc|x64.Deploy.0 = Release|Any CPU
		{CB977E27-E826-4085-A46A-44DE92B1DF27}.Ad-Hoc|x86.ActiveCfg = Release|Any CPU
		{CB977E27-E826-4085-A46A-44DE92B1DF27}.Ad-Hoc|x86.Build.0 = Release|Any CPU
		{CB977E27-E826-4085-A46A-44DE92B1DF27}.Ad-Hoc|x86.Deploy.0 = Release|Any CPU
		{CB977E27-E826-4085-A46A-44DE92B1DF27}.AppStore|Any CPU.ActiveCfg = Release|Any CPU
		{CB977E27-E826-4085-A46A-44DE92B1DF27}.AppStore|Any CPU.Build.0 = Release|Any CPU
		{CB977E27-E826-4085-A46A-44DE92B1DF27}.AppStore|Any CPU.Deploy.0 = Release|Any CPU
		{CB977E27-E826-4085-A46A-44DE92B1DF27}.AppStore|ARM.ActiveCfg = Release|Any CPU
		{CB977E27-E826-4085-A46A-44DE92B1DF27}.AppStore|ARM.Build.0 = Release|Any CPU
		{CB977E27-E826-4085-A46A-44DE92B1DF27}.AppStore|ARM.Deploy.0 = Release|Any CPU
		{CB977E27-E826-4085-A46A-44DE92B1DF27}.AppStore|iPhone.ActiveCfg = Release|Any CPU
		{CB977E27-E826-4085-A46A-44DE92B1DF27}.AppStore|iPhone.Build.0 = Release|Any CPU
		{CB977E27-E826-4085-A46A-44DE92B1DF27}.AppStore|iPhone.Deploy.0 = Release|Any CPU
		{CB977E27-E826-4085-A46A-44DE92B1DF27}.AppStore|iPhoneSimulator.ActiveCfg = Release|Any CPU
		{CB977E27-E826-4085-A46A-44DE92B1DF27}.AppStore|iPhoneSimulator.Build.0 = Release|Any CPU
		{CB977E27-E826-4085-A46A-44DE92B1DF27}.AppStore|iPhoneSimulator.Deploy.0 = Release|Any CPU
		{CB977E27-E826-4085-A46A-44DE92B1DF27}.AppStore|x64.ActiveCfg = Release|Any CPU
		{CB977E27-E826-4085-A46A-44DE92B1DF27}.AppStore|x64.Build.0 = Release|Any CPU
		{CB977E27-E826-4085-A46A-44DE92B1DF27}.AppStore|x64.Deploy.0 = Release|Any CPU
		{CB977E27-E826-4085-A46A-44DE92B1DF27}.AppStore|x86.ActiveCfg = Release|Any CPU
		{CB977E27-E826-4085-A46A-44DE92B1DF27}.AppStore|x86.Build.0 = Release|Any CPU
		{CB977E27-E826-4085-A46A-44DE92B1DF27}.AppStore|x86.Deploy.0 = Release|Any CPU
		{CB977E27-E826-4085-A46A-44DE92B1DF27}.Debug|Any CPU.ActiveCfg = Debug|Any CPU
		{CB977E27-E826-4085-A46A-44DE92B1DF27}.Debug|Any CPU.Build.0 = Debug|Any CPU
		{CB977E27-E826-4085-A46A-44DE92B1DF27}.Debug|Any CPU.Deploy.0 = Debug|Any CPU
		{CB977E27-E826-4085-A46A-44DE92B1DF27}.Debug|ARM.ActiveCfg = Debug|Any CPU
		{CB977E27-E826-4085-A46A-44DE92B1DF27}.Debug|ARM.Build.0 = Debug|Any CPU
		{CB977E27-E826-4085-A46A-44DE92B1DF27}.Debug|ARM.Deploy.0 = Debug|Any CPU
		{CB977E27-E826-4085-A46A-44DE92B1DF27}.Debug|iPhone.ActiveCfg = Debug|Any CPU
		{CB977E27-E826-4085-A46A-44DE92B1DF27}.Debug|iPhone.Build.0 = Debug|Any CPU
		{CB977E27-E826-4085-A46A-44DE92B1DF27}.Debug|iPhone.Deploy.0 = Debug|Any CPU
		{CB977E27-E826-4085-A46A-44DE92B1DF27}.Debug|iPhoneSimulator.ActiveCfg = Debug|Any CPU
		{CB977E27-E826-4085-A46A-44DE92B1DF27}.Debug|iPhoneSimulator.Build.0 = Debug|Any CPU
		{CB977E27-E826-4085-A46A-44DE92B1DF27}.Debug|iPhoneSimulator.Deploy.0 = Debug|Any CPU
		{CB977E27-E826-4085-A46A-44DE92B1DF27}.Debug|x64.ActiveCfg = Debug|Any CPU
		{CB977E27-E826-4085-A46A-44DE92B1DF27}.Debug|x64.Build.0 = Debug|Any CPU
		{CB977E27-E826-4085-A46A-44DE92B1DF27}.Debug|x64.Deploy.0 = Debug|Any CPU
		{CB977E27-E826-4085-A46A-44DE92B1DF27}.Debug|x86.ActiveCfg = Debug|Any CPU
		{CB977E27-E826-4085-A46A-44DE92B1DF27}.Debug|x86.Build.0 = Debug|Any CPU
		{CB977E27-E826-4085-A46A-44DE92B1DF27}.Debug|x86.Deploy.0 = Debug|Any CPU
		{CB977E27-E826-4085-A46A-44DE92B1DF27}.Release|Any CPU.ActiveCfg = Release|Any CPU
		{CB977E27-E826-4085-A46A-44DE92B1DF27}.Release|Any CPU.Build.0 = Release|Any CPU
		{CB977E27-E826-4085-A46A-44DE92B1DF27}.Release|Any CPU.Deploy.0 = Release|Any CPU
		{CB977E27-E826-4085-A46A-44DE92B1DF27}.Release|ARM.ActiveCfg = Release|Any CPU
		{CB977E27-E826-4085-A46A-44DE92B1DF27}.Release|ARM.Build.0 = Release|Any CPU
		{CB977E27-E826-4085-A46A-44DE92B1DF27}.Release|ARM.Deploy.0 = Release|Any CPU
		{CB977E27-E826-4085-A46A-44DE92B1DF27}.Release|iPhone.ActiveCfg = Release|Any CPU
		{CB977E27-E826-4085-A46A-44DE92B1DF27}.Release|iPhone.Build.0 = Release|Any CPU
		{CB977E27-E826-4085-A46A-44DE92B1DF27}.Release|iPhone.Deploy.0 = Release|Any CPU
		{CB977E27-E826-4085-A46A-44DE92B1DF27}.Release|iPhoneSimulator.ActiveCfg = Release|Any CPU
		{CB977E27-E826-4085-A46A-44DE92B1DF27}.Release|iPhoneSimulator.Build.0 = Release|Any CPU
		{CB977E27-E826-4085-A46A-44DE92B1DF27}.Release|iPhoneSimulator.Deploy.0 = Release|Any CPU
		{CB977E27-E826-4085-A46A-44DE92B1DF27}.Release|x64.ActiveCfg = Release|Any CPU
		{CB977E27-E826-4085-A46A-44DE92B1DF27}.Release|x64.Build.0 = Release|Any CPU
		{CB977E27-E826-4085-A46A-44DE92B1DF27}.Release|x64.Deploy.0 = Release|Any CPU
		{CB977E27-E826-4085-A46A-44DE92B1DF27}.Release|x86.ActiveCfg = Release|Any CPU
		{CB977E27-E826-4085-A46A-44DE92B1DF27}.Release|x86.Build.0 = Release|Any CPU
		{CB977E27-E826-4085-A46A-44DE92B1DF27}.Release|x86.Deploy.0 = Release|Any CPU
		{7DA99FB2-533D-40B0-845E-27649320B36D}.Ad-Hoc|Any CPU.ActiveCfg = Release|Any CPU
		{7DA99FB2-533D-40B0-845E-27649320B36D}.Ad-Hoc|Any CPU.Build.0 = Release|Any CPU
		{7DA99FB2-533D-40B0-845E-27649320B36D}.Ad-Hoc|ARM.ActiveCfg = Release|Any CPU
		{7DA99FB2-533D-40B0-845E-27649320B36D}.Ad-Hoc|ARM.Build.0 = Release|Any CPU
		{7DA99FB2-533D-40B0-845E-27649320B36D}.Ad-Hoc|iPhone.ActiveCfg = Release|Any CPU
		{7DA99FB2-533D-40B0-845E-27649320B36D}.Ad-Hoc|iPhone.Build.0 = Release|Any CPU
		{7DA99FB2-533D-40B0-845E-27649320B36D}.Ad-Hoc|iPhoneSimulator.ActiveCfg = Release|Any CPU
		{7DA99FB2-533D-40B0-845E-27649320B36D}.Ad-Hoc|iPhoneSimulator.Build.0 = Release|Any CPU
		{7DA99FB2-533D-40B0-845E-27649320B36D}.Ad-Hoc|x64.ActiveCfg = Release|Any CPU
		{7DA99FB2-533D-40B0-845E-27649320B36D}.Ad-Hoc|x64.Build.0 = Release|Any CPU
		{7DA99FB2-533D-40B0-845E-27649320B36D}.Ad-Hoc|x86.ActiveCfg = Release|Any CPU
		{7DA99FB2-533D-40B0-845E-27649320B36D}.Ad-Hoc|x86.Build.0 = Release|Any CPU
		{7DA99FB2-533D-40B0-845E-27649320B36D}.AppStore|Any CPU.ActiveCfg = Release|Any CPU
		{7DA99FB2-533D-40B0-845E-27649320B36D}.AppStore|Any CPU.Build.0 = Release|Any CPU
		{7DA99FB2-533D-40B0-845E-27649320B36D}.AppStore|ARM.ActiveCfg = Release|Any CPU
		{7DA99FB2-533D-40B0-845E-27649320B36D}.AppStore|ARM.Build.0 = Release|Any CPU
		{7DA99FB2-533D-40B0-845E-27649320B36D}.AppStore|iPhone.ActiveCfg = Release|Any CPU
		{7DA99FB2-533D-40B0-845E-27649320B36D}.AppStore|iPhone.Build.0 = Release|Any CPU
		{7DA99FB2-533D-40B0-845E-27649320B36D}.AppStore|iPhoneSimulator.ActiveCfg = Release|Any CPU
		{7DA99FB2-533D-40B0-845E-27649320B36D}.AppStore|iPhoneSimulator.Build.0 = Release|Any CPU
		{7DA99FB2-533D-40B0-845E-27649320B36D}.AppStore|x64.ActiveCfg = Release|Any CPU
		{7DA99FB2-533D-40B0-845E-27649320B36D}.AppStore|x64.Build.0 = Release|Any CPU
		{7DA99FB2-533D-40B0-845E-27649320B36D}.AppStore|x86.ActiveCfg = Release|Any CPU
		{7DA99FB2-533D-40B0-845E-27649320B36D}.AppStore|x86.Build.0 = Release|Any CPU
		{7DA99FB2-533D-40B0-845E-27649320B36D}.Debug|Any CPU.ActiveCfg = Debug|Any CPU
		{7DA99FB2-533D-40B0-845E-27649320B36D}.Debug|Any CPU.Build.0 = Debug|Any CPU
		{7DA99FB2-533D-40B0-845E-27649320B36D}.Debug|ARM.ActiveCfg = Debug|Any CPU
		{7DA99FB2-533D-40B0-845E-27649320B36D}.Debug|ARM.Build.0 = Debug|Any CPU
		{7DA99FB2-533D-40B0-845E-27649320B36D}.Debug|iPhone.ActiveCfg = Debug|Any CPU
		{7DA99FB2-533D-40B0-845E-27649320B36D}.Debug|iPhone.Build.0 = Debug|Any CPU
		{7DA99FB2-533D-40B0-845E-27649320B36D}.Debug|iPhoneSimulator.ActiveCfg = Debug|Any CPU
		{7DA99FB2-533D-40B0-845E-27649320B36D}.Debug|iPhoneSimulator.Build.0 = Debug|Any CPU
		{7DA99FB2-533D-40B0-845E-27649320B36D}.Debug|x64.ActiveCfg = Debug|Any CPU
		{7DA99FB2-533D-40B0-845E-27649320B36D}.Debug|x64.Build.0 = Debug|Any CPU
		{7DA99FB2-533D-40B0-845E-27649320B36D}.Debug|x86.ActiveCfg = Debug|Any CPU
		{7DA99FB2-533D-40B0-845E-27649320B36D}.Debug|x86.Build.0 = Debug|Any CPU
		{7DA99FB2-533D-40B0-845E-27649320B36D}.Release|Any CPU.ActiveCfg = Release|Any CPU
		{7DA99FB2-533D-40B0-845E-27649320B36D}.Release|Any CPU.Build.0 = Release|Any CPU
		{7DA99FB2-533D-40B0-845E-27649320B36D}.Release|ARM.ActiveCfg = Release|Any CPU
		{7DA99FB2-533D-40B0-845E-27649320B36D}.Release|ARM.Build.0 = Release|Any CPU
		{7DA99FB2-533D-40B0-845E-27649320B36D}.Release|iPhone.ActiveCfg = Release|Any CPU
		{7DA99FB2-533D-40B0-845E-27649320B36D}.Release|iPhone.Build.0 = Release|Any CPU
		{7DA99FB2-533D-40B0-845E-27649320B36D}.Release|iPhoneSimulator.ActiveCfg = Release|Any CPU
		{7DA99FB2-533D-40B0-845E-27649320B36D}.Release|iPhoneSimulator.Build.0 = Release|Any CPU
		{7DA99FB2-533D-40B0-845E-27649320B36D}.Release|x64.ActiveCfg = Release|Any CPU
		{7DA99FB2-533D-40B0-845E-27649320B36D}.Release|x64.Build.0 = Release|Any CPU
		{7DA99FB2-533D-40B0-845E-27649320B36D}.Release|x86.ActiveCfg = Release|Any CPU
		{7DA99FB2-533D-40B0-845E-27649320B36D}.Release|x86.Build.0 = Release|Any CPU
		{36F4727D-1A94-4351-83D9-C4137C6AB25A}.Ad-Hoc|Any CPU.ActiveCfg = Release|x86
		{36F4727D-1A94-4351-83D9-C4137C6AB25A}.Ad-Hoc|Any CPU.Build.0 = Release|x86
		{36F4727D-1A94-4351-83D9-C4137C6AB25A}.Ad-Hoc|Any CPU.Deploy.0 = Release|x86
		{36F4727D-1A94-4351-83D9-C4137C6AB25A}.Ad-Hoc|ARM.ActiveCfg = Release|ARM
		{36F4727D-1A94-4351-83D9-C4137C6AB25A}.Ad-Hoc|ARM.Build.0 = Release|ARM
		{36F4727D-1A94-4351-83D9-C4137C6AB25A}.Ad-Hoc|ARM.Deploy.0 = Release|ARM
		{36F4727D-1A94-4351-83D9-C4137C6AB25A}.Ad-Hoc|iPhone.ActiveCfg = Release|x86
		{36F4727D-1A94-4351-83D9-C4137C6AB25A}.Ad-Hoc|iPhone.Build.0 = Release|x86
		{36F4727D-1A94-4351-83D9-C4137C6AB25A}.Ad-Hoc|iPhone.Deploy.0 = Release|x86
		{36F4727D-1A94-4351-83D9-C4137C6AB25A}.Ad-Hoc|iPhoneSimulator.ActiveCfg = Release|x86
		{36F4727D-1A94-4351-83D9-C4137C6AB25A}.Ad-Hoc|iPhoneSimulator.Build.0 = Release|x86
		{36F4727D-1A94-4351-83D9-C4137C6AB25A}.Ad-Hoc|iPhoneSimulator.Deploy.0 = Release|x86
		{36F4727D-1A94-4351-83D9-C4137C6AB25A}.Ad-Hoc|x64.ActiveCfg = Release|x64
		{36F4727D-1A94-4351-83D9-C4137C6AB25A}.Ad-Hoc|x64.Build.0 = Release|x64
		{36F4727D-1A94-4351-83D9-C4137C6AB25A}.Ad-Hoc|x64.Deploy.0 = Release|x64
		{36F4727D-1A94-4351-83D9-C4137C6AB25A}.Ad-Hoc|x86.ActiveCfg = Release|x86
		{36F4727D-1A94-4351-83D9-C4137C6AB25A}.Ad-Hoc|x86.Build.0 = Release|x86
		{36F4727D-1A94-4351-83D9-C4137C6AB25A}.Ad-Hoc|x86.Deploy.0 = Release|x86
		{36F4727D-1A94-4351-83D9-C4137C6AB25A}.AppStore|Any CPU.ActiveCfg = Release|x86
		{36F4727D-1A94-4351-83D9-C4137C6AB25A}.AppStore|Any CPU.Build.0 = Release|x86
		{36F4727D-1A94-4351-83D9-C4137C6AB25A}.AppStore|Any CPU.Deploy.0 = Release|x86
		{36F4727D-1A94-4351-83D9-C4137C6AB25A}.AppStore|ARM.ActiveCfg = Release|ARM
		{36F4727D-1A94-4351-83D9-C4137C6AB25A}.AppStore|ARM.Build.0 = Release|ARM
		{36F4727D-1A94-4351-83D9-C4137C6AB25A}.AppStore|ARM.Deploy.0 = Release|ARM
		{36F4727D-1A94-4351-83D9-C4137C6AB25A}.AppStore|iPhone.ActiveCfg = Release|x86
		{36F4727D-1A94-4351-83D9-C4137C6AB25A}.AppStore|iPhone.Build.0 = Release|x86
		{36F4727D-1A94-4351-83D9-C4137C6AB25A}.AppStore|iPhone.Deploy.0 = Release|x86
		{36F4727D-1A94-4351-83D9-C4137C6AB25A}.AppStore|iPhoneSimulator.ActiveCfg = Release|x86
		{36F4727D-1A94-4351-83D9-C4137C6AB25A}.AppStore|iPhoneSimulator.Build.0 = Release|x86
		{36F4727D-1A94-4351-83D9-C4137C6AB25A}.AppStore|iPhoneSimulator.Deploy.0 = Release|x86
		{36F4727D-1A94-4351-83D9-C4137C6AB25A}.AppStore|x64.ActiveCfg = Release|x64
		{36F4727D-1A94-4351-83D9-C4137C6AB25A}.AppStore|x64.Build.0 = Release|x64
		{36F4727D-1A94-4351-83D9-C4137C6AB25A}.AppStore|x64.Deploy.0 = Release|x64
		{36F4727D-1A94-4351-83D9-C4137C6AB25A}.AppStore|x86.ActiveCfg = Release|x86
		{36F4727D-1A94-4351-83D9-C4137C6AB25A}.AppStore|x86.Build.0 = Release|x86
		{36F4727D-1A94-4351-83D9-C4137C6AB25A}.AppStore|x86.Deploy.0 = Release|x86
		{36F4727D-1A94-4351-83D9-C4137C6AB25A}.Debug|Any CPU.ActiveCfg = Debug|x86
		{36F4727D-1A94-4351-83D9-C4137C6AB25A}.Debug|ARM.ActiveCfg = Debug|ARM
		{36F4727D-1A94-4351-83D9-C4137C6AB25A}.Debug|ARM.Build.0 = Debug|ARM
		{36F4727D-1A94-4351-83D9-C4137C6AB25A}.Debug|ARM.Deploy.0 = Debug|ARM
		{36F4727D-1A94-4351-83D9-C4137C6AB25A}.Debug|iPhone.ActiveCfg = Debug|x86
		{36F4727D-1A94-4351-83D9-C4137C6AB25A}.Debug|iPhoneSimulator.ActiveCfg = Debug|x86
		{36F4727D-1A94-4351-83D9-C4137C6AB25A}.Debug|x64.ActiveCfg = Debug|x64
		{36F4727D-1A94-4351-83D9-C4137C6AB25A}.Debug|x64.Build.0 = Debug|x64
		{36F4727D-1A94-4351-83D9-C4137C6AB25A}.Debug|x64.Deploy.0 = Debug|x64
		{36F4727D-1A94-4351-83D9-C4137C6AB25A}.Debug|x86.ActiveCfg = Debug|x86
		{36F4727D-1A94-4351-83D9-C4137C6AB25A}.Debug|x86.Build.0 = Debug|x86
		{36F4727D-1A94-4351-83D9-C4137C6AB25A}.Debug|x86.Deploy.0 = Debug|x86
		{36F4727D-1A94-4351-83D9-C4137C6AB25A}.Release|Any CPU.ActiveCfg = Release|x86
		{36F4727D-1A94-4351-83D9-C4137C6AB25A}.Release|ARM.ActiveCfg = Release|ARM
		{36F4727D-1A94-4351-83D9-C4137C6AB25A}.Release|ARM.Build.0 = Release|ARM
		{36F4727D-1A94-4351-83D9-C4137C6AB25A}.Release|ARM.Deploy.0 = Release|ARM
		{36F4727D-1A94-4351-83D9-C4137C6AB25A}.Release|iPhone.ActiveCfg = Release|x86
		{36F4727D-1A94-4351-83D9-C4137C6AB25A}.Release|iPhoneSimulator.ActiveCfg = Release|x86
		{36F4727D-1A94-4351-83D9-C4137C6AB25A}.Release|x64.ActiveCfg = Release|x64
		{36F4727D-1A94-4351-83D9-C4137C6AB25A}.Release|x64.Build.0 = Release|x64
		{36F4727D-1A94-4351-83D9-C4137C6AB25A}.Release|x64.Deploy.0 = Release|x64
		{36F4727D-1A94-4351-83D9-C4137C6AB25A}.Release|x86.ActiveCfg = Release|x86
		{36F4727D-1A94-4351-83D9-C4137C6AB25A}.Release|x86.Build.0 = Release|x86
		{36F4727D-1A94-4351-83D9-C4137C6AB25A}.Release|x86.Deploy.0 = Release|x86
		{4D6C5783-4DC3-4D0F-AD8A-8F164FEE124B}.Ad-Hoc|Any CPU.ActiveCfg = Ad-Hoc|iPhone
		{4D6C5783-4DC3-4D0F-AD8A-8F164FEE124B}.Ad-Hoc|ARM.ActiveCfg = Ad-Hoc|iPhone
		{4D6C5783-4DC3-4D0F-AD8A-8F164FEE124B}.Ad-Hoc|iPhone.ActiveCfg = Ad-Hoc|iPhone
		{4D6C5783-4DC3-4D0F-AD8A-8F164FEE124B}.Ad-Hoc|iPhone.Build.0 = Ad-Hoc|iPhone
		{4D6C5783-4DC3-4D0F-AD8A-8F164FEE124B}.Ad-Hoc|iPhoneSimulator.ActiveCfg = Ad-Hoc|iPhoneSimulator
		{4D6C5783-4DC3-4D0F-AD8A-8F164FEE124B}.Ad-Hoc|iPhoneSimulator.Build.0 = Ad-Hoc|iPhoneSimulator
		{4D6C5783-4DC3-4D0F-AD8A-8F164FEE124B}.Ad-Hoc|x64.ActiveCfg = Ad-Hoc|iPhone
		{4D6C5783-4DC3-4D0F-AD8A-8F164FEE124B}.Ad-Hoc|x86.ActiveCfg = Ad-Hoc|iPhone
		{4D6C5783-4DC3-4D0F-AD8A-8F164FEE124B}.AppStore|Any CPU.ActiveCfg = AppStore|iPhone
		{4D6C5783-4DC3-4D0F-AD8A-8F164FEE124B}.AppStore|ARM.ActiveCfg = AppStore|iPhone
		{4D6C5783-4DC3-4D0F-AD8A-8F164FEE124B}.AppStore|iPhone.ActiveCfg = AppStore|iPhone
		{4D6C5783-4DC3-4D0F-AD8A-8F164FEE124B}.AppStore|iPhone.Build.0 = AppStore|iPhone
		{4D6C5783-4DC3-4D0F-AD8A-8F164FEE124B}.AppStore|iPhoneSimulator.ActiveCfg = AppStore|iPhoneSimulator
		{4D6C5783-4DC3-4D0F-AD8A-8F164FEE124B}.AppStore|iPhoneSimulator.Build.0 = AppStore|iPhoneSimulator
		{4D6C5783-4DC3-4D0F-AD8A-8F164FEE124B}.AppStore|x64.ActiveCfg = AppStore|iPhone
		{4D6C5783-4DC3-4D0F-AD8A-8F164FEE124B}.AppStore|x86.ActiveCfg = AppStore|iPhone
		{4D6C5783-4DC3-4D0F-AD8A-8F164FEE124B}.Debug|Any CPU.ActiveCfg = Debug|iPhone
		{4D6C5783-4DC3-4D0F-AD8A-8F164FEE124B}.Debug|ARM.ActiveCfg = Debug|iPhone
		{4D6C5783-4DC3-4D0F-AD8A-8F164FEE124B}.Debug|iPhone.ActiveCfg = Debug|iPhone
		{4D6C5783-4DC3-4D0F-AD8A-8F164FEE124B}.Debug|iPhone.Build.0 = Debug|iPhone
		{4D6C5783-4DC3-4D0F-AD8A-8F164FEE124B}.Debug|iPhoneSimulator.ActiveCfg = Debug|iPhoneSimulator
		{4D6C5783-4DC3-4D0F-AD8A-8F164FEE124B}.Debug|iPhoneSimulator.Build.0 = Debug|iPhoneSimulator
		{4D6C5783-4DC3-4D0F-AD8A-8F164FEE124B}.Debug|x64.ActiveCfg = Debug|iPhone
		{4D6C5783-4DC3-4D0F-AD8A-8F164FEE124B}.Debug|x86.ActiveCfg = Debug|iPhone
		{4D6C5783-4DC3-4D0F-AD8A-8F164FEE124B}.Release|Any CPU.ActiveCfg = Release|iPhone
		{4D6C5783-4DC3-4D0F-AD8A-8F164FEE124B}.Release|ARM.ActiveCfg = Release|iPhone
		{4D6C5783-4DC3-4D0F-AD8A-8F164FEE124B}.Release|iPhone.ActiveCfg = Release|iPhone
		{4D6C5783-4DC3-4D0F-AD8A-8F164FEE124B}.Release|iPhone.Build.0 = Release|iPhone
		{4D6C5783-4DC3-4D0F-AD8A-8F164FEE124B}.Release|iPhoneSimulator.ActiveCfg = Release|iPhoneSimulator
		{4D6C5783-4DC3-4D0F-AD8A-8F164FEE124B}.Release|iPhoneSimulator.Build.0 = Release|iPhoneSimulator
		{4D6C5783-4DC3-4D0F-AD8A-8F164FEE124B}.Release|x64.ActiveCfg = Release|iPhone
		{4D6C5783-4DC3-4D0F-AD8A-8F164FEE124B}.Release|x86.ActiveCfg = Release|iPhone
	EndGlobalSection
	GlobalSection(SolutionProperties) = preSolution
		HideSolutionNode = FALSE
	EndGlobalSection
	GlobalSection(ExtensibilityGlobals) = postSolution
		SolutionGuid = {61279B71-EC3D-4FAE-BB82-59046983C632}
	EndGlobalSection
EndGlobal
